{
  "name": "brick-breaker-deluxe",
  "version": "1.0.0",
  "lockfileVersion": 3,
  "requires": true,
  "packages": {
    "": {
      "name": "brick-breaker-deluxe",
      "version": "1.0.0",
      "license": "UNLICENSED",
      "dependencies": {
        "express": "^4.19.2"
      },
      "devDependencies": {
        "jest": "^29.7.0"
      }
    },
    "node_modules/express": {
      "version": "4.19.2",
      "resolved": "https://registry.npmjs.org/express/-/express-4.19.2.tgz",
      "integrity": "sha512-5T6wfV1ZaoEdE4wEAflIuKLx1DGx1PFzm1ELtxiCNvZXWq1JK88cAM6RXU0585LQD9J6Z6vqIT8wtteX18Z6Zw==",
      "license": "MIT"
    }
  }
}
